PODS:
  - ARCapture (0.1.2)

DEPENDENCIES:
  - ARCapture (from `https://gitlab.com/seriyvolk83/arcapture.git`)

EXTERNAL SOURCES:
  ARCapture:
    :git: https://gitlab.com/seriyvolk83/arcapture.git

CHECKOUT OPTIONS:
  ARCapture:
    :commit: 32662b590e8bafaf99ec2097fca919a9c2af9462
    :git: https://gitlab.com/seriyvolk83/arcapture.git

SPEC CHECKSUMS:
  ARCapture: 1df8da0ea0550b216a0018dd69339d35830c79a7

PODFILE CHECKSUM: ddcb2b6209404f65e84ce4a2069434c756f5f0a1

COCOAPODS: 1.14.3
